// !$*UTF8*$!
{
	archiveVersion = 1;
	classes = {
	};
	objectVersion = 46;
	objects = {

/* Begin PBXBuildFile section */
		276019741EFA4A4E00270998 /* AppDelegate.swift in Sources */ = {isa = PBXBuildFile; fileRef = 276019731EFA4A4E00270998 /* AppDelegate.swift */; };
		276019761EFA4A4E00270998 /* ViewController.swift in Sources */ = {isa = PBXBuildFile; fileRef = 276019751EFA4A4E00270998 /* ViewController.swift */; };
		276019791EFA4A4E00270998 /* Main.storyboard in Resources */ = {isa = PBXBuildFile; fileRef = 276019771EFA4A4E00270998 /* Main.storyboard */; };
		2760197B1EFA4A4E00270998 /* Assets.xcassets in Resources */ = {isa = PBXBuildFile; fileRef = 2760197A1EFA4A4E00270998 /* Assets.xcassets */; };
		2760197E1EFA4A4E00270998 /* LaunchScreen.storyboard in Resources */ = {isa = PBXBuildFile; fileRef = 2760197C1EFA4A4E00270998 /* LaunchScreen.storyboard */; };
/* End PBXBuildFile section */

/* Begin PBXFileReference section */
		276019701EFA4A4E00270998 /* ScalableViewDemo.app */ = {isa = PBXFileReference; explicitFileType = wrapper.application; includeInIndex = 0; path = ScalableViewDemo.app; sourceTree = BUILT_PRODUCTS_DIR; };
		276019731EFA4A4E00270998 /* AppDelegate.swift */ = {isa = PBXFileReference; lastKnownFileType = sourcecode.swift; path = AppDelegate.swift; sourceTree = "<group>"; };
		276019751EFA4A4E00270998 /* ViewController.swift */ = {isa = PBXFileReference; lastKnownFileType = sourcecode.swift; path = ViewController.swift; sourceTree = "<group>"; };
		276019781EFA4A4E00270998 /* Base */ = {isa = PBXFileReference; lastKnownFileType = file.storyboard; name = Base; path = Base.lproj/Main.storyboard; sourceTree = "<group>"; };
		2760197A1EFA4A4E00270998 /* Assets.xcassets */ = {isa = PBXFileReference; lastKnownFileType = folder.assetcatalog; path = Assets.xcassets; sourceTree = "<group>"; };
		2760197D1EFA4A4E00270998 /* Base */ = {isa = PBXFileReference; lastKnownFileType = file.storyboard; name = Base; path = Base.lproj/LaunchScreen.storyboard; sourceTree = "<group>"; };
		2760197F1EFA4A4E00270998 /* Info.plist */ = {isa = PBXFileReference; lastKnownFileType = text.plist.xml; path = Info.plist; sourceTree = "<group>"; };
/* End PBXFileReference section */

/* Begin PBXFrameworksBuildPhase section */
		2760196D1EFA4A4E00270998 /* Frameworks */ = {
			isa = PBXFrameworksBuildPhase;
			buildActionMask = 2147483647;
			files = (
			);
			runOnlyForDeploymentPostprocessing = 0;
		};
/* End PBXFrameworksBuildPhase section */

/* Begin PBXGroup section */
		276019671EFA4A4E00270998 = {
			isa = PBXGroup;
			children = (
				276019721EFA4A4E00270998 /* ScalableViewDemo */,
				276019711EFA4A4E00270998 /* Products */,
			);
			sourceTree = "<group>";
		};
		276019711EFA4A4E00270998 /* Products */ = {
			isa = PBXGroup;
			children = (
				276019701EFA4A4E00270998 /* ScalableViewDemo.app */,
			);
			name = Products;
			sourceTree = "<group>";
		};
		276019721EFA4A4E00270998 /* ScalableViewDemo */ = {
			isa = PBXGroup;
			children = (
				276019731EFA4A4E00270998 /* AppDelegate.swift */,
				276019751EFA4A4E00270998 /* ViewController.swift */,
				276019771EFA4A4E00270998 /* Main.storyboard */,
				2760197A1EFA4A4E00270998 /* Assets.xcassets */,
				2760197C1EFA4A4E00270998 /* LaunchScreen.storyboard */,
				2760197F1EFA4A4E00270998 /* Info.plist */,
			);
			path = ScalableViewDemo;
			sourceTree = "<group>";
		};
/* End PBXGroup section */

/* Begin PBXNativeTarget section */
		2760196F1EFA4A4E00270998 /* ScalableViewDemo */ = {
			isa = PBXNativeTarget;
			buildConfigurationList = 276019821EFA4A4E00270998 /* Build configuration list for PBXNativeTarget "ScalableViewDemo" */;
			buildPhases = (
				2760196C1EFA4A4E00270998 /* Sources */,
				2760196D1EFA4A4E00270998 /* Frameworks */,
				2760196E1EFA4A4E00270998 /* Resources */,
			);
			buildRules = (
			);
			dependencies = (
			);
			name = ScalableViewDemo;
			productName = ScalableViewDemo;
			productReference = 276019701EFA4A4E00270998 /* ScalableViewDemo.app */;
			productType = "com.apple.product-type.application";
		};
/* End PBXNativeTarget section */

/* Begin PBXProject section */
		276019681EFA4A4E00270998 /* Project object */ = {
			isa = PBXProject;
			attributes = {
				LastSwiftUpdateCheck = 0830;
				LastUpgradeCheck = 0830;
				ORGANIZATIONNAME = "Kyle Sun";
				TargetAttributes = {
					2760196F1EFA4A4E00270998 = {
						CreatedOnToolsVersion = 8.3.3;
						DevelopmentTeam = Z72G49SGPQ;
						ProvisioningStyle = Automatic;
					};
				};
			};
			buildConfigurationList = 2760196B1EFA4A4E00270998 /* Build configuration list for PBXProject "ScalableViewDemo" */;
			compatibilityVersion = "Xcode 3.2";
			developmentRegion = English;
			hasScannedForEncodings = 0;
			knownRegions = (
				en,
				Base,
			);
			mainGroup = 276019671EFA4A4E00270998;
			productRefGroup = 276019711EFA4A4E00270998 /* Products */;
			projectDirPath = "";
			projectRoot = "";
			targets = (
				2760196F1EFA4A4E00270998 /* ScalableViewDemo */,
			);
		};
/* End PBXProject section */

/* Begin PBXResourcesBuildPhase section */
		2760196E1EFA4A4E00270998 /* Resources */ = {
			isa = PBXResourcesBuildPhase;
			buildActionMask = 2147483647;
			files = (
				2760197E1EFA4A4E00270998 /* LaunchScreen.storyboard in Resources */,
				2760197B1EFA4A4E00270998 /* Assets.xcassets in Resources */,
				276019791EFA4A4E00270998 /* Main.storyboard in Resources */,
			);
			runOnlyForDeploymentPostprocessing = 0;
		};
/* End PBXResourcesBuildPhase section */

/* Begin PBXSourcesBuildPhase section */
		2760196C1EFA4A4E00270998 /* Sources */ = {
			isa = PBXSourcesBuildPhase;
			buildActionMask = 2147483647;
			files = (
				276019761EFA4A4E00270998 /* ViewController.swift in Sources */,
				276019741EFA4A4E00270998 /* AppDelegate.swift in Sources */,
			);
			runOnlyForDeploymentPostprocessing = 0;
		};
/* End PBXSourcesBuildPhase section */

/* Begin PBXVariantGroup section */
		276019771EFA4A4E00270998 /* Main.storyboard */ = {
			isa = PBXVariantGroup;
			children = (
				276019781EFA4A4E00270998 /* Base */,
			);
			name = Main.storyboard;
			sourceTree = "<group>";
		};
		2760197C1EFA4A4E00270998 /* LaunchScreen.storyboard */ = {
			isa = PBXVariantGroup;
			children = (
				2760197D1EFA4A4E00270998 /* Base */,
			);
			name = LaunchScreen.storyboard;
			sourceTree = "<group>";
		};
/* End PBXVariantGroup section */

/* Begin XCBuildConfiguration section */
		276019801EFA4A4E00270998 /* Debug */ = {
			isa = XCBuildConfiguration;
			buildSettings = {
				ALWAYS_SEARCH_USER_PATHS = NO;
				CLANG_ANALYZER_NONNULL = YES;
				CLANG_ANALYZER_NUMBER_OBJECT_CONVERSION = YES_AGGRESSIVE;
				CLANG_CXX_LANGUAGE_STANDARD = "gnu++0x";
				CLANG_CXX_LIBRARY = "libc++";
				CLANG_ENABLE_MODULES = YES;
				CLANG_ENABLE_OBJC_ARC = YES;
				CLANG_WARN_BOOL_CONVERSION = YES;
				CLANG_WARN_CONSTANT_CONVERSION = YES;
				CLANG_WARN_DIRECT_OBJC_ISA_USAGE = YES_ERROR;
				CLANG_WARN_DOCUMENTATION_COMMENTS = YES;
				CLANG_WARN_EMPTY_BODY = YES;
				CLANG_WARN_ENUM_CONVERSION = YES;
				CLANG_WARN_INFINITE_RECURSION = YES;
				CLANG_WARN_INT_CONVERSION = YES;
				CLANG_WARN_OBJC_ROOT_CLASS = YES_ERROR;
				CLANG_WARN_SUSPICIOUS_MOVE = YES;
				CLANG_WARN_UNREACHABLE_CODE = YES;
				CLANG_WARN__DUPLICATE_METHOD_MATCH = YES;
				"CODE_SIGN_IDENTITY[sdk=iphoneos*]" = "iPhone Developer";
				COPY_PHASE_STRIP = NO;
				DEBUG_INFORMATION_FORMAT = dwarf;
				ENABLE_STRICT_OBJC_MSGSEND = YES;
				ENABLE_TESTABILITY = YES;
				GCC_C_LANGUAGE_STANDARD = gnu99;
				GCC_DYNAMIC_NO_PIC = NO;
				GCC_NO_COMMON_BLOCKS = YES;
				GCC_OPTIMIZATION_LEVEL = 0;
				GCC_PREPROCESSOR_DEFINITIONS = (
					"DEBUG=1",
					"$(inherited)",
				);
				GCC_WARN_64_TO_32_BIT_CONVERSION = YES;
				GCC_WARN_ABOUT_RETURN_TYPE = YES_ERROR;
				GCC_WARN_UNDECLARED_SELECTOR = YES;
				GCC_WARN_UNINITIALIZED_AUTOS = YES_AGGRESSIVE;
				GCC_WARN_UNUSED_FUNCTION = YES;
				GCC_WARN_UNUSED_VARIABLE = YES;
				IPHONEOS_DEPLOYMENT_TARGET = 10.3;
				MTL_ENABLE_DEBUG_INFO = YES;
				ONLY_ACTIVE_ARCH = YES;
				SDKROOT = iphoneos;
				SWIFT_ACTIVE_COMPILATION_CONDITIONS = DEBUG;
				SWIFT_OPTIMIZATION_LEVEL = "-Onone";
			};
			name = Debug;
		};
		276019811EFA4A4E00270998 /* Release */ = {
			isa = XCBuildConfiguration;
			buildSettings = {
				ALWAYS_SEARCH_USER_PATHS = NO;
				CLANG_ANALYZER_NONNULL = YES;
				CLANG_ANALYZER_NUMBER_OBJECT_CONVERSION = YES_AGGRESSIVE;
				CLANG_CXX_LANGUAGE_STANDARD = "gnu++0x";
				CLANG_CXX_LIBRARY = "libc++";
				CLANG_ENABLE_MODULES = YES;
				CLANG_ENABLE_OBJC_ARC = YES;
				CLANG_WARN_BOOL_CONVERSION = YES;
				CLANG_WARN_CONSTANT_CONVERSION = YES;
				CLANG_WARN_DIRECT_OBJC_ISA_USAGE = YES_ERROR;
				CLANG_WARN_DOCUMENTATION_COMMENTS = YES;
				CLANG_WARN_EMPTY_BODY = YES;
				CLANG_WARN_ENUM_CONVERSION = YES;
				CLANG_WARN_INFINITE_RECURSION = YES;
				CLANG_WARN_INT_CONVERSION = YES;
				CLANG_WARN_OBJC_ROOT_CLASS = YES_ERROR;
				CLANG_WARN_SUSPICIOUS_MOVE = YES;
				CLANG_WARN_UNREACHABLE_CODE = YES;
				CLANG_WARN__DUPLICATE_METHOD_MATCH = YES;
				"CODE_SIGN_IDENTITY[sdk=iphoneos*]" = "iPhone Developer";
				COPY_PHASE_STRIP = NO;
				DEBUG_INFORMATION_FORMAT = "dwarf-with-dsym";
				ENABLE_NS_ASSERTIONS = NO;
				ENABLE_STRICT_OBJC_MSGSEND = YES;
				GCC_C_LANGUAGE_STANDARD = gnu99;
				GCC_NO_COMMON_BLOCKS = YES;
				GCC_WARN_64_TO_32_BIT_CONVERSION = YES;
				GCC_WARN_ABOUT_RETURN_TYPE = YES_ERROR;
				GCC_WARN_UNDECLARED_SELECTOR = YES;
				GCC_WARN_UNINITIALIZED_AUTOS = YES_AGGRESSIVE;
				GCC_WARN_UNUSED_FUNCTION = YES;
				GCC_WARN_UNUSED_VARIABLE = YES;
				IPHONEOS_DEPLOYMENT_TARGET = 10.3;
				MTL_ENABLE_DEBUG_INFO = NO;
				SDKROOT = iphoneos;
				SWIFT_OPTIMIZATION_LEVEL = "-Owholemodule";
				VALIDATE_PRODUCT = YES;
			};
			name = Release;
		};
		276019831EFA4A4E00270998 /* Debug */ = {
			isa = XCBuildConfiguration;
			buildSettings = {
				ASSETCATALOG_COMPILER_APPICON_NAME = AppIcon;
				DEVELOPMENT_TEAM = Z72G49SGPQ;
				INFOPLIST_FILE = ScalableViewDemo/Info.plist;
				LD_RUNPATH_SEARCH_PATHS = "$(inherited) @executable_path/Frameworks";
				PRODUCT_BUNDLE_IDENTIFIER = com.skx926.ScalableViewDemo;
				PRODUCT_NAME = "$(TARGET_NAME)";
				SWIFT_VERSION = 3.0;
			};
			name = Debug;
		};
		276019841EFA4A4E00270998 /* Release */ = {
			isa = XCBuildConfiguration;
			buildSettings = {
				ASSETCATALOG_COMPILER_APPICON_NAME = AppIcon;
				DEVELOPMENT_TEAM = Z72G49SGPQ;
				INFOPLIST_FILE = ScalableViewDemo/Info.plist;
				LD_RUNPATH_SEARCH_PATHS = "$(inherited) @executable_path/Frameworks";
				PRODUCT_BUNDLE_IDENTIFIER = com.skx926.ScalableViewDemo;
				PRODUCT_NAME = "$(TARGET_NAME)";
				SWIFT_VERSION = 3.0;
			};
			name = Release;
		};
/* End XCBuildConfiguration section */

/* Begin XCConfigurationList section */
		2760196B1EFA4A4E00270998 /* Build configuration list for PBXProject "ScalableViewDemo" */ = {
			isa = XCConfigurationList;
			buildConfigurations = (
				276019801EFA4A4E00270998 /* Debug */,
				276019811EFA4A4E00270998 /* Release */,
			);
			defaultConfigurationIsVisible = 0;
			defaultConfigurationName = Release;
		};
		276019821EFA4A4E00270998 /* Build configuration list for PBXNativeTarget "ScalableViewDemo" */ = {
			isa = XCConfigurationList;
			buildConfigurations = (
				276019831EFA4A4E00270998 /* Debug */,
				276019841EFA4A4E00270998 /* Release */,
			);
			defaultConfigurationIsVisible = 0;
		};
/* End XCConfigurationList section */
	};
	rootObject = 276019681EFA4A4E00270998 /* Project object */;
}
